{
  "name": "gem-nft-contract",
  "lockfileVersion": 3,
  "requires": true,
  "packages": {
    "": {
      "dependencies": {
        "@openzeppelin/contracts": "^5.0.2",
        "axios": "^1.7.2",
        "dotenv": "^16.4.5",
        "ether": "^0.0.9",
        "ethers": "^6.13.2"
      }
    },
    "node_modules/@adraffy/ens-normalize": {
      "version": "1.10.1",
      "resolved": "https://registry.npmjs.org/@adraffy/ens-normalize/-/ens-normalize-1.10.1.tgz",
      "integrity": "sha512-96Z2IP3mYmF1Xg2cDm8f1gWGf/HUVedQ3FMifV4kG/PQ4yEP51xDtRAEfhVNt5f/uzpNkZHwWQuUcu6D6K+Ekw==",
      "license": "MIT"
    },
    "node_modules/@noble/curves": {
      "version": "1.2.0",
      "resolved": "https://registry.npmjs.org/@noble/curves/-/curves-1.2.0.tgz",
      "integrity": "sha512-oYclrNgRaM9SsBUBVbb8M6DTV7ZHRTKugureoYEncY5c65HOmRzvSiTE3y5CYaPYJA/GVkrhXEoF0M3Ya9PMnw==",
      "license": "MIT",
      "dependencies": {
        "@noble/hashes": "1.3.2"
      },
      "funding": {
        "url": "https://paulmillr.com/funding/"
      }
    },
    "node_modules/@noble/hashes": {
      "version": "1.3.2",
      "resolved": "https://registry.npmjs.org/@noble/hashes/-/hashes-1.3.2.tgz",
      "integrity": "sha512-MVC8EAQp7MvEcm30KWENFjgR+Mkmf+D189XJTkFIlwohU5hcBbn1ZkKq7KVTi2Hme3PMGF390DaL52beVrIihQ==",
      "license": "MIT",
      "engines": {
        "node": ">= 16"
      },
      "funding": {
        "url": "https://paulmillr.com/funding/"
      }
    },
    "node_modules/@openzeppelin/contracts": {
      "version": "5.0.2",
      "resolved": "https://registry.npmjs.org/@openzeppelin/contracts/-/contracts-5.0.2.tgz",
      "integrity": "sha512-ytPc6eLGcHHnapAZ9S+5qsdomhjo6QBHTDRRBFfTxXIpsicMhVPouPgmUPebZZZGX7vt9USA+Z+0M0dSVtSUEA==",
      "license": "MIT"
    },
    "node_modules/@types/node": {
      "version": "18.15.13",
      "resolved": "https://registry.npmjs.org/@types/node/-/node-18.15.13.tgz",
      "integrity": "sha512-N+0kuo9KgrUQ1Sn/ifDXsvg0TTleP7rIy4zOBGECxAljqvqfqpTfzx0Q1NUedOixRMBfe2Whhb056a42cWs26Q==",
      "license": "MIT"
    },
    "node_modules/aes-js": {
      "version": "4.0.0-beta.5",
      "resolved": "https://registry.npmjs.org/aes-js/-/aes-js-4.0.0-beta.5.tgz",
      "integrity": "sha512-G965FqalsNyrPqgEGON7nIx1e/OVENSgiEIzyC63haUMuvNnwIgIjMs52hlTCKhkBny7A2ORNlfY9Zu+jmGk1Q==",
      "license": "MIT"
    },
    "node_modules/ansi-regex": {
      "version": "1.1.1",
      "resolved": "https://registry.npmjs.org/ansi-regex/-/ansi-regex-1.1.1.tgz",
      "integrity": "sha512-q5i8bFLg2wDfsuR56c1NzlJFPzVD+9mxhDrhqOGigEFa87OZHlF+9dWeGWzVTP/0ECiA/JUGzfzRr2t3eYORRw==",
      "license": "MIT",
      "engines": {
        "node": ">=0.10.0"
      }
    },
    "node_modules/ansi-styles": {
      "version": "0.2.0",
      "resolved": "https://registry.npmjs.org/ansi-styles/-/ansi-styles-0.2.0.tgz",
      "integrity": "sha512-YyQBeLj0juxUC9uUXRpQ1ZAzPT1dnsn5vVeJLHYFq4Ct1p0rymUSyvckKCXCH9I0bh3jWDIETA5nXIaZVKlDyA==",
      "license": "MIT",
      "engines": {
        "node": ">=0.8.0"
      }
    },
    "node_modules/async": {
      "version": "0.2.10",
      "resolved": "https://registry.npmjs.org/async/-/async-0.2.10.tgz",
      "integrity": "sha512-eAkdoKxU6/LkKDBzLpT+t6Ff5EtfSF4wx1WfJiPEEV7WNLnDaRXk0oVysiEPm262roaachGexwUv94WhSgN5TQ=="
    },
    "node_modules/asynckit": {
      "version": "0.4.0",
      "resolved": "https://registry.npmjs.org/asynckit/-/asynckit-0.4.0.tgz",
      "integrity": "sha512-Oei9OH4tRh0YqU3GxhX79dM/mwVgvbZJaSNaRk+bshkj0S5cfHcgYakreBjrHwatXKbz+IoIdYLxrKim2MjW0Q==",
      "license": "MIT"
    },
    "node_modules/axios": {
      "version": "1.7.2",
      "resolved": "https://registry.npmjs.org/axios/-/axios-1.7.2.tgz",
      "integrity": "sha512-2A8QhOMrbomlDuiLeK9XibIBzuHeRcqqNOHp0Cyp5EoJ1IFDh+XZH3A6BkXtv0K4gFGCI0Y4BM7B1wOEi0Rmgw==",
      "license": "MIT",
      "dependencies": {
        "follow-redirects": "^1.15.6",
        "form-data": "^4.0.0",
        "proxy-from-env": "^1.1.0"
      }
    },
    "node_modules/chalk": {
      "version": "0.3.0",
      "resolved": "https://registry.npmjs.org/chalk/-/chalk-0.3.0.tgz",
      "integrity": "sha512-OcfgS16PHpCu2Q4TNMtk0aZNx8PyeNiiB+6AgGH91fhT9hJ3v6pIIJ3lxlaOEDHlTm8t3wDe6bDGamvtIokQTg==",
      "license": "MIT",
      "dependencies": {
        "ansi-styles": "~0.2.0",
        "has-color": "~0.1.0"
      },
      "engines": {
        "node": ">=0.8.0"
      }
    },
    "node_modules/cli-color": {
      "version": "0.2.3",
      "resolved": "https://registry.npmjs.org/cli-color/-/cli-color-0.2.3.tgz",
      "integrity": "sha512-f4DFHXdoe2rGMwuVO+DTBM6CkSt4m9R4a0vjnq5CJkSCKaXbrHbslCmyjG6cz/o50HP2wkjO3G1mXvc7G3V1LQ==",
      "dependencies": {
        "es5-ext": "~0.9.2",
        "memoizee": "~0.2.5"
      },
      "engines": {
        "node": ">=0.1.103"
      }
    },
    "node_modules/combined-stream": {
      "version": "1.0.8",
      "resolved": "https://registry.npmjs.org/combined-stream/-/combined-stream-1.0.8.tgz",
      "integrity": "sha512-FQN4MRfuJeHf7cBbBMJFXhKSDq+2kAArBlmRBvcvFE5BB1HZKXtSFASDhdlz9zOYwxh8lDdnvmMOe/+5cdoEdg==",
      "license": "MIT",
      "dependencies": {
        "delayed-stream": "~1.0.0"
      },
      "engines": {
        "node": ">= 0.8"
      }
    },
    "node_modules/commander": {
      "version": "2.1.0",
      "resolved": "https://registry.npmjs.org/commander/-/commander-2.1.0.tgz",
      "integrity": "sha512-J2wnb6TKniXNOtoHS8TSrG9IOQluPrsmyAJ8oCUJOBmv+uLBCyPYAZkD2jFvw2DCzIXNnISIM01NIvr35TkBMQ==",
      "engines": {
        "node": ">= 0.6.x"
      }
    },
    "node_modules/cookiejar": {
      "version": "1.3.0",
      "resolved": "https://registry.npmjs.org/cookiejar/-/cookiejar-1.3.0.tgz",
      "integrity": "sha512-U+NgxxtwHIokuL04FqKEkqsaWBDtnCQo+wvYjUCtBA56Lcg8vpV3SGtBx+RAmw92SV3VT8PwsYcCFK/cC3Dw+A==",
      "engines": {
        "node": "*"
      }
    },
    "node_modules/debug": {
      "version": "0.7.4",
      "resolved": "https://registry.npmjs.org/debug/-/debug-0.7.4.tgz",
      "integrity": "sha512-EohAb3+DSHSGx8carOSKJe8G0ayV5/i609OD0J2orCkuyae7SyZSz2aoLmQF2s0Pj5gITDebwPH7GFBlqOUQ1Q==",
      "engines": {
        "node": "*"
      }
    },
    "node_modules/delayed-stream": {
      "version": "1.0.0",
      "resolved": "https://registry.npmjs.org/delayed-stream/-/delayed-stream-1.0.0.tgz",
      "integrity": "sha512-ZySD7Nf91aLB0RxL4KGrKHBXl7Eds1DAmEdcoVawXnLD7SDhpNgtuII2aAkg7a7QS41jxPSZ17p4VdGnMHk3MQ==",
      "license": "MIT",
      "engines": {
        "node": "^0.8.25"
      }
    },
    "node_modules/dotenv": {
      "version": "16.4.5",
      "resolved": "https://registry.npmjs.org/dotenv/-/dotenv-16.4.5.tgz",
      "integrity": "sha512-ZmdL2rui+eB2YwhsWzjInR8LldtZHGDoQ1ugH85ppHKwpUHL7j7rN0Ti9NCnGiQbhaZ11FpR+7ao1dNsmduNUg==",
      "license": "BSD-2-Clause",
      "engines": {
        "node": ">=12"
      },
      "funding": {
        "url": "https://dotenvx.com"
      }
    },
    "node_modules/emitter-component": {
      "version": "1.0.0",
      "resolved": "https://registry.npmjs.org/emitter-component/-/emitter-component-1.0.0.tgz",
      "integrity": "sha512-GZrLdp4Z7OERecoYQYElVVqf6/gcbGUs8nvaE+nmu2dGy453lLgGyPLNX9DdSyojdMqI86fCT9XQqsWJymciEw=="
    },
    "node_modules/es5-ext": {
      "version": "0.9.2",
      "resolved": "https://registry.npmjs.org/es5-ext/-/es5-ext-0.9.2.tgz",
      "integrity": "sha512-wP3OSxZ0L/qK76t6qxPR8gWr2o5F4SzNF9qS5F/mOfVY3Ezcg07v6hSkETDmoekXIzn8xhQbHpp+tVlOE+qOAg==",
      "engines": {
        "node": ">=0.4"
      }
    },
    "node_modules/ether": {
      "version": "0.0.9",
      "resolved": "https://registry.npmjs.org/ether/-/ether-0.0.9.tgz",
      "integrity": "sha512-KYive1RzWSVsOTnGM0GHCUkeAz/TtNA9XRzd+WS0GndvXlmpKyNQ9n69SF46lJmNeuMtvgcG+LIDXZYhk2/kDQ==",
      "license": "ISC",
      "dependencies": {
        "commander": "~2.1.0",
        "inquirer": "~0.4.0",
        "memoizee": "~0.2.6",
        "micro-engine": "0.0.1",
        "sudo-block": "~0.3.0",
        "superagent": "~0.16.0"
      },
      "bin": {
        "ether": "bin/index.js"
      }
    },
    "node_modules/ethers": {
      "version": "6.13.2",
      "resolved": "https://registry.npmjs.org/ethers/-/ethers-6.13.2.tgz",
      "integrity": "sha512-9VkriTTed+/27BGuY1s0hf441kqwHJ1wtN2edksEtiRvXx+soxRX3iSXTfFqq2+YwrOqbDoTHjIhQnjJRlzKmg==",
      "funding": [
        {
          "type": "individual",
          "url": "https://github.com/sponsors/ethers-io/"
        },
        {
          "type": "individual",
          "url": "https://www.buymeacoffee.com/ricmoo"
        }
      ],
      "license": "MIT",
      "dependencies": {
        "@adraffy/ens-normalize": "1.10.1",
        "@noble/curves": "1.2.0",
        "@noble/hashes": "1.3.2",
        "@types/node": "18.15.13",
        "aes-js": "4.0.0-beta.5",
        "tslib": "2.4.0",
        "ws": "8.17.1"
      },
      "engines": {
        "node": ">=14.0.0"
      }
    },
    "node_modules/event-emitter": {
      "version": "0.2.2",
      "resolved": "https://registry.npmjs.org/event-emitter/-/event-emitter-0.2.2.tgz",
      "integrity": "sha512-kdjfxF6jYJ5m/OEe3ZNNJzbCEcagF4lNJeuhgrBSRnlitpdxICDKzCel+Z5Wbl7K9UhBN/7k2MzXBvCvSwfzzg==",
      "dependencies": {
        "es5-ext": "~0.9.2"
      },
      "engines": {
        "node": ">=0.4"
      }
    },
    "node_modules/follow-redirects": {
      "version": "1.15.6",
      "resolved": "https://registry.npmjs.org/follow-redirects/-/follow-redirects-1.15.6.tgz",
      "integrity": "sha512-wWN62YITEaOpSK584EZXJafH1AGpO8RVgElfkuXbTOrPX4fIfOyEpW/CsiNd8JdYrAoOvafRTOEnvsO++qCqFA==",
      "funding": [
        {
          "type": "individual",
          "url": "https://github.com/sponsors/RubenVerborgh"
        }
      ],
      "license": "MIT",
      "engines": {
        "node": ">=4.0"
      },
      "peerDependenciesMeta": {
        "debug": {
          "optional": true
        }
      }
    },
    "node_modules/form-data": {
      "version": "4.0.0",
      "resolved": "https://registry.npmjs.org/form-data/-/form-data-4.0.0.tgz",
      "integrity": "sha512-ETEklSGi5t0QMZuiXoA/Q6vcnxcLQP5vdugSpuAyi6SVGi2clPPp+xgEhuMaHC+zGgn31Kd235W35f7Hykkaww==",
      "license": "MIT",
      "dependencies": {
        "asynckit": "^0.4.0",
        "combined-stream": "^1.0.8",
        "mime-types": "^2.1.12"
      },
      "engines": {
        "node": ">= 6"
      }
    },
    "node_modules/formidable": {
      "version": "1.0.14",
      "resolved": "https://registry.npmjs.org/formidable/-/formidable-1.0.14.tgz",
      "integrity": "sha512-aOskFHEfYwkSKSzGui5jhQ+uyLo2NTwpzhndggz2YZHlv0HkAi+zG5ZEBCL3GTvqLyr/FzX9Mvx9DueCmu2HzQ==",
      "deprecated": "Please upgrade to latest, formidable@v2 or formidable@v3! Check these notes: https://bit.ly/2ZEqIau",
      "engines": {
        "node": ">=0.8.0"
      }
    },
    "node_modules/has-color": {
      "version": "0.1.7",
      "resolved": "https://registry.npmjs.org/has-color/-/has-color-0.1.7.tgz",
      "integrity": "sha512-kaNz5OTAYYmt646Hkqw50/qyxP2vFnTVu5AQ1Zmk22Kk5+4Qx6BpO8+u7IKsML5fOsFk0ZT0AcCJNYwcvaLBvw==",
      "license": "MIT",
      "engines": {
        "node": ">=0.10.0"
      }
    },
    "node_modules/inquirer": {
      "version": "0.4.1",
      "resolved": "https://registry.npmjs.org/inquirer/-/inquirer-0.4.1.tgz",
      "integrity": "sha512-q+Im4T6ukccagPS1iGpVoVXA3aqYYOQGEDfGPkvGCsKPxy/WDiXX2BCJMxQqyz5AJp/sGYcnaM6YfwP2s3uxbQ==",
      "license": "MIT",
      "dependencies": {
        "async": "~0.2.8",
        "cli-color": "~0.2.2",
        "lodash": "~2.4.1",
        "mute-stream": "0.0.4",
        "readline2": "~0.1.0",
        "through": "~2.3.4"
      }
    },
    "node_modules/lodash": {
      "version": "2.4.2",
      "resolved": "https://registry.npmjs.org/lodash/-/lodash-2.4.2.tgz",
      "integrity": "sha512-Kak1hi6/hYHGVPmdyiZijoQyz5x2iGVzs6w9GYB/HiXEtylY7tIoYEROMjvM1d9nXJqPOrG2MNPMn01bJ+S0Rw==",
      "engines": [
        "node",
        "rhino"
      ],
      "license": "MIT"
    },
    "node_modules/memoizee": {
      "version": "0.2.6",
      "resolved": "https://registry.npmjs.org/memoizee/-/memoizee-0.2.6.tgz",
      "integrity": "sha512-0VZI0btwyGk6FSDnJGuJtso4M/eSxhVb5ID5AZNWMFFgT2LexCV18hHI764V4ELKlyfnQ5KMQ+q5H3uvFN3MLw==",
      "license": "MIT",
      "dependencies": {
        "es5-ext": "~0.9.2",
        "event-emitter": "~0.2.2",
        "next-tick": "0.1.x"
      },
      "engines": {
        "node": ">=0.4"
      }
    },
    "node_modules/methods": {
      "version": "0.0.1",
      "resolved": "https://registry.npmjs.org/methods/-/methods-0.0.1.tgz",
      "integrity": "sha512-pB8oFfci/xcfUgM6DTxc7lbTKifPPgs3mZUOsEgaH+1TTWpmcmv3sHl+5sUHIj2X2W8aPYa2+nJealRHK+Lo6A==",
      "license": "MIT"
    },
    "node_modules/micro-engine": {
      "version": "0.0.1",
      "resolved": "https://registry.npmjs.org/micro-engine/-/micro-engine-0.0.1.tgz",
      "integrity": "sha512-HdhhNwLLq3Kk5pwKo3x8sS8x6MZDnMq48kMkWzK10/hCJLptUWMVGAFqk3q4qFcdCW4A/qFDw6om7Vaw6FdSEQ==",
      "license": "BSD-2-Clause",
      "dependencies": {
        "should": "~2.1.1"
      }
    },
    "node_modules/mime": {
      "version": "1.2.5",
      "resolved": "https://registry.npmjs.org/mime/-/mime-1.2.5.tgz",
      "integrity": "sha512-QfwTOA+zRHSZXxl9Y7ue5ifKDhU1prnh0dO67Vgcl7Lcx0+79vL9A1ln0qtVur8CFSdYq5Zhnw9DDZQgwDh8Ng==",
      "engines": {
        "node": "*"
      }
    },
    "node_modules/mime-db": {
      "version": "1.52.0",
      "resolved": "https://registry.npmjs.org/mime-db/-/mime-db-1.52.0.tgz",
      "integrity": "sha512-sPU4uV7dYlvtWJxwwxHD0PuihVNiE7TyAbQ5SWxDCB9mUYvOgroQOwYQQOKPJ8CIbE+1ETVlOoK1UC2nU3gYvg==",
      "license": "MIT",
      "engines": {
        "node": ">= 0.6"
      }
    },
    "node_modules/mime-types": {
      "version": "2.1.35",
      "resolved": "https://registry.npmjs.org/mime-types/-/mime-types-2.1.35.tgz",
      "integrity": "sha512-ZDY+bPm5zTTF+YpCrAU9nK0UgICYPT0QtT1NZWFv4s++TNkcgVaT0g6+4R2uI4MjQjzysHB1zxuWL50hzaeXiw==",
      "license": "MIT",
      "dependencies": {
        "mime-db": "1.52.0"
      },
      "engines": {
        "node": ">= 0.6"
      }
    },
    "node_modules/mute-stream": {
      "version": "0.0.4",
      "resolved": "https://registry.npmjs.org/mute-stream/-/mute-stream-0.0.4.tgz",
      "integrity": "sha512-amvrY4m/7oZamehMoFi1tbwU/kXbVvRTGM2S7F+PZi3n51Jx+9AcSQ3EQsag3tR+hS2higfgOP/Kl8kri/X52A==",
      "license": "BSD"
    },
    "node_modules/next-tick": {
      "version": "0.1.0",
      "resolved": "https://registry.npmjs.org/next-tick/-/next-tick-0.1.0.tgz",
      "integrity": "sha512-I44QWeGCHJTx2D3buhnljvSjmPgJua3zdPGtlCQEvA45t9kS/CaHnlVqidTzHwq8LGXhD2SMezjk4hQgP+32Lg==",
      "license": "MIT",
      "engines": {
        "node": ">=0.4"
      }
    },
    "node_modules/proxy-from-env": {
      "version": "1.1.0",
      "resolved": "https://registry.npmjs.org/proxy-from-env/-/proxy-from-env-1.1.0.tgz",
      "integrity": "sha512-D+zkORCbA9f1tdWRK0RaCR3GPv50cMxcrz4X8k5LTSUD1Dkw47mKJEZQNunItRTkWwgtaUSo1RVFRIG9ZXiFYg==",
      "license": "MIT"
    },
    "node_modules/qs": {
      "version": "0.6.5",
      "resolved": "https://registry.npmjs.org/qs/-/qs-0.6.5.tgz",
      "integrity": "sha512-n7wA/f30O3SsOw2BVkGUDzjWMw7kXvQJWKtDdgfq5HJvDoad+Jbc6osN1AQ0Iain5plo9e7Cs5fE+xR+DVkPTw==",
      "engines": {
        "node": "*"
      }
    },
    "node_modules/readline2": {
      "version": "0.1.1",
      "resolved": "https://registry.npmjs.org/readline2/-/readline2-0.1.1.tgz",
      "integrity": "sha512-qs8GGG+hLGMaDOGjd+mDglDoYcHDkjIY7z5RU0/ApsGT0qypyrWskNeemUqD+UxIXiZoMYT5aLwGp4ehoyZhIg==",
      "license": "MIT",
      "dependencies": {
        "mute-stream": "0.0.4",
        "strip-ansi": "^2.0.1"
      }
    },
    "node_modules/reduce-component": {
      "version": "1.0.1",
      "resolved": "https://registry.npmjs.org/reduce-component/-/reduce-component-1.0.1.tgz",
      "integrity": "sha512-y0wyCcdQul3hI3xHfIs0vg/jSbboQc/YTOAqaxjFG7At+XSexduuOqBVL9SmOLSwa/ldkbzVzdwuk9s2EKTAZg==",
      "license": "Apache, Version 2.0"
    },
    "node_modules/should": {
      "version": "2.1.1",
      "resolved": "https://registry.npmjs.org/should/-/should-2.1.1.tgz",
      "integrity": "sha512-w9EBOxgQMNmWxqPgjaCOz21FcuYepdNjTGxw0EyIvibY1CdB4UqHjBqEvN5xj5B+tzwrndTaNFwp79yX2E1cFw==",
      "engines": {
        "node": ">= 0.2.0"
      }
    },
    "node_modules/strip-ansi": {
      "version": "2.0.1",
      "resolved": "https://registry.npmjs.org/strip-ansi/-/strip-ansi-2.0.1.tgz",
      "integrity": "sha512-2h8q2CP3EeOhDJ+jd932PRMpa3/pOJFGoF22J1U/DNbEK2gSW2DqeF46VjCXsSQXhC+k/l8/gaaRBQKL6hUPfQ==",
      "license": "MIT",
      "dependencies": {
        "ansi-regex": "^1.0.0"
      },
      "bin": {
        "strip-ansi": "cli.js"
      },
      "engines": {
        "node": ">=0.10.0"
      }
    },
    "node_modules/sudo-block": {
      "version": "0.3.0",
      "resolved": "https://registry.npmjs.org/sudo-block/-/sudo-block-0.3.0.tgz",
      "integrity": "sha512-Jv0WZsbu61SeFqeIVF6hSLnXELZafaxWLESVKt1XUW4UPMVccmE3n2ojL39OkbgjRnaYe7qHP7APJobeDxvMDw==",
      "license": "MIT",
      "dependencies": {
        "chalk": "~0.3.0"
      },
      "engines": {
        "node": ">=0.8.0"
      }
    },
    "node_modules/superagent": {
      "version": "0.16.0",
      "resolved": "https://registry.npmjs.org/superagent/-/superagent-0.16.0.tgz",
      "integrity": "sha512-/CJzCPSwbwEK1DJOllhcUHy7/4yuKiWOI5gvvyS38Dz8ZortROdYSrxJSB0f+1kPsOLentwnB61obWpRsro5+A==",
      "deprecated": "Please upgrade to v9.0.0+ as we have fixed a public vulnerability with formidable dependency. Note that v9.0.0+ requires Node.js v14.18.0+. See https://github.com/ladjs/superagent/pull/1800 for insight. This project is supported and maintained by the team at Forward Email @ https://forwardemail.net",
      "dependencies": {
        "cookiejar": "1.3.0",
        "debug": "~0.7.2",
        "emitter-component": "1.0.0",
        "formidable": "1.0.14",
        "methods": "0.0.1",
        "mime": "1.2.5",
        "qs": "0.6.5",
        "reduce-component": "1.0.1"
      },
      "engines": {
        "node": "*"
      }
    },
    "node_modules/through": {
      "version": "2.3.8",
      "resolved": "https://registry.npmjs.org/through/-/through-2.3.8.tgz",
      "integrity": "sha512-w89qg7PI8wAdvX60bMDP+bFoD5Dvhm9oLheFp5O4a2QF0cSBGsBX4qZmadPMvVqlLJBBci+WqGGOAPvcDeNSVg==",
      "license": "MIT"
    },
    "node_modules/tslib": {
      "version": "2.4.0",
      "resolved": "https://registry.npmjs.org/tslib/-/tslib-2.4.0.tgz",
      "integrity": "sha512-d6xOpEDfsi2CZVlPQzGeux8XMwLT9hssAsaPYExaQMuYskwb+x1x7J371tWlbBdWHroy99KnVB6qIkUbs5X3UQ==",
      "license": "0BSD"
    },
    "node_modules/ws": {
      "version": "8.17.1",
      "resolved": "https://registry.npmjs.org/ws/-/ws-8.17.1.tgz",
      "integrity": "sha512-6XQFvXTkbfUOZOKKILFG1PDK2NDQs4azKQl26T0YS5CxqWLgXajbPZ+h4gZekJyRqFU8pvnbAbbs/3TgRPy+GQ==",
      "license": "MIT",
      "engines": {
        "node": ">=10.0.0"
      },
      "peerDependencies": {
        "bufferutil": "^4.0.1",
        "utf-8-validate": ">=5.0.2"
      },
      "peerDependenciesMeta": {
        "bufferutil": {
          "optional": true
        },
        "utf-8-validate": {
          "optional": true
        }
      }
    }
  }
}
